
Microsoft Visual Studio Solution File, Format Version 12.00
# Visual Studio Version 17
VisualStudioVersion = 17.4.33403.182
MinimumVisualStudioVersion = 10.0.40219.1
Project("{FAE04EC0-301F-11D3-BF4B-00C04F79EFBC}") = "DecisionLinks", "DecisionLinks\DecisionLinks.csproj", "{DE7AF21A-4862-4ECD-A9EA-BDC21F79B319}"
EndProject
Global
	GlobalSection(SolutionConfigurationPlatforms) = preSolution
		Debug|Any CPU = Debug|Any CPU
		Release|Any CPU = Release|Any CPU
	EndGlobalSection
	GlobalSection(ProjectConfigurationPlatforms) = postSolution
		{DE7AF21A-4862-4ECD-A9EA-BDC21F79B319}.Debug|Any CPU.ActiveCfg = Debug|Any CPU
		{DE7AF21A-4862-4ECD-A9EA-BDC21F79B319}.Debug|Any CPU.Build.0 = Debug|Any CPU
		{DE7AF21A-4862-4ECD-A9EA-BDC21F79B319}.Release|Any CPU.ActiveCfg = Release|Any CPU
		{DE7AF21A-4862-4ECD-A9EA-BDC21F79B319}.Release|Any CPU.Build.0 = Release|Any CPU
	EndGlobalSection
	GlobalSection(SolutionProperties) = preSolution
		HideSolutionNode = FALSE
	EndGlobalSection
	GlobalSection(ExtensibilityGlobals) = postSolution
		SolutionGuid = {79A72ED7-9B98-4562-A585-E09273E7DC30}
	EndGlobalSection
EndGlobal
